
Microsoft Visual Studio Solution File, Format Version 12.00
Project("{2150E333-8FDC-42A3-9474-1A3956D46DE8}") = "tests", "tests", "{C31EB1D2-A8B8-4E84-BE03-CCB743A99386}"
EndProject
Project("{2150E333-8FDC-42A3-9474-1A3956D46DE8}") = "tools", "tools", "{215CA5B2-801E-4E70-9E00-E89A1BEDC906}"
EndProject
Project("{2150E333-8FDC-42A3-9474-1A3956D46DE8}") = "src", "src", "{867CC268-1204-473E-9E14-D645CE24597E}"
EndProject
Project("{FAE04EC0-301F-11D3-BF4B-00C04F79EFBC}") = "TvmSdk.ClientGenerator", "tools\TvmSdk.ClientGenerator\TvmSdk.ClientGenerator.csproj", "{70AC7EF6-9D7A-40D7-8B45-4F454AC8BA6A}"
EndProject
Project("{FAE04EC0-301F-11D3-BF4B-00C04F79EFBC}") = "TvmSdk.ApiModels", "src\TvmSdk.ApiModels\TvmSdk.ApiModels.csproj", "{B4DF60BD-E014-4E2A-B69E-6EE613E9D5DF}"
EndProject
Project("{FAE04EC0-301F-11D3-BF4B-00C04F79EFBC}") = "TvmSdk", "src\TvmSdk\TvmSdk.csproj", "{A7EB2089-0052-4BCD-AD54-85A50B5717A7}"
EndProject
Project("{FAE04EC0-301F-11D3-BF4B-00C04F79EFBC}") = "TvmSdk.Tests", "tests\TvmSdk.Tests\TvmSdk.Tests.csproj", "{5091AB0F-4678-4790-A1BF-137B4FB36C0C}"
EndProject
Project("{2150E333-8FDC-42A3-9474-1A3956D46DE8}") = "examples", "examples", "{AEA418DB-B4B4-4238-8702-89A72EBCD2F6}"
	ProjectSection(SolutionItems) = preProject
		examples\README.md = examples\README.md
	EndProjectSection
EndProject
Project("{FAE04EC0-301F-11D3-BF4B-00C04F79EFBC}") = "SimpleConsoleApp", "examples\SimpleConsoleApp\SimpleConsoleApp.csproj", "{FD16374A-DFD9-43BE-BBB3-C0E99D6102E7}"
EndProject
Project("{2150E333-8FDC-42A3-9474-1A3956D46DE8}") = "clients", "clients", "{09E7E7C1-0FF0-4325-8470-0BF844928240}"
EndProject
Project("{FAE04EC0-301F-11D3-BF4B-00C04F79EFBC}") = "TvmSdk.Everscale", "src\clients\TvmSdk.Everscale\TvmSdk.Everscale.csproj", "{23402C1B-B4FD-4B83-92A6-AD0231FD3903}"
EndProject
Project("{2150E333-8FDC-42A3-9474-1A3956D46DE8}") = "scripts", "scripts", "{D50ED19E-40EF-4355-8D57-45FC9428743B}"
	ProjectSection(SolutionItems) = preProject
		scripts\release.sh = scripts\release.sh
	EndProjectSection
EndProject
Project("{FAE04EC0-301F-11D3-BF4B-00C04F79EFBC}") = "TvmSdk.DllAdapter", "src\TvmSdk.DllAdapter\TvmSdk.DllAdapter.csproj", "{D9CFAA51-F1AF-4F5E-BF13-C811CCDFBD0A}"
EndProject
Project("{FAE04EC0-301F-11D3-BF4B-00C04F79EFBC}") = "TvmSdk.AckiNacki", "src\clients\TvmSdk.AckiNacki\TvmSdk.AckiNacki.csproj", "{95EB1972-E52A-47BA-A14C-40FDD0C704D2}"
EndProject
Project("{FAE04EC0-301F-11D3-BF4B-00C04F79EFBC}") = "TvmSdk.Ton", "src\clients\TvmSdk.Ton\TvmSdk.Ton.csproj", "{8547E244-5B72-4964-A569-2503B25AAEC6}"
EndProject
Global
	GlobalSection(SolutionConfigurationPlatforms) = preSolution
		Debug|Any CPU = Debug|Any CPU
		Release|Any CPU = Release|Any CPU
	EndGlobalSection
	GlobalSection(ProjectConfigurationPlatforms) = postSolution
		{70AC7EF6-9D7A-40D7-8B45-4F454AC8BA6A}.Debug|Any CPU.ActiveCfg = Debug|Any CPU
		{70AC7EF6-9D7A-40D7-8B45-4F454AC8BA6A}.Debug|Any CPU.Build.0 = Debug|Any CPU
		{70AC7EF6-9D7A-40D7-8B45-4F454AC8BA6A}.Release|Any CPU.ActiveCfg = Release|Any CPU
		{70AC7EF6-9D7A-40D7-8B45-4F454AC8BA6A}.Release|Any CPU.Build.0 = Release|Any CPU
		{B4DF60BD-E014-4E2A-B69E-6EE613E9D5DF}.Debug|Any CPU.ActiveCfg = Debug|Any CPU
		{B4DF60BD-E014-4E2A-B69E-6EE613E9D5DF}.Debug|Any CPU.Build.0 = Debug|Any CPU
		{B4DF60BD-E014-4E2A-B69E-6EE613E9D5DF}.Release|Any CPU.ActiveCfg = Release|Any CPU
		{B4DF60BD-E014-4E2A-B69E-6EE613E9D5DF}.Release|Any CPU.Build.0 = Release|Any CPU
		{A7EB2089-0052-4BCD-AD54-85A50B5717A7}.Debug|Any CPU.ActiveCfg = Debug|Any CPU
		{A7EB2089-0052-4BCD-AD54-85A50B5717A7}.Debug|Any CPU.Build.0 = Debug|Any CPU
		{A7EB2089-0052-4BCD-AD54-85A50B5717A7}.Release|Any CPU.ActiveCfg = Release|Any CPU
		{A7EB2089-0052-4BCD-AD54-85A50B5717A7}.Release|Any CPU.Build.0 = Release|Any CPU
		{5091AB0F-4678-4790-A1BF-137B4FB36C0C}.Debug|Any CPU.ActiveCfg = Debug|Any CPU
		{5091AB0F-4678-4790-A1BF-137B4FB36C0C}.Debug|Any CPU.Build.0 = Debug|Any CPU
		{5091AB0F-4678-4790-A1BF-137B4FB36C0C}.Release|Any CPU.ActiveCfg = Release|Any CPU
		{5091AB0F-4678-4790-A1BF-137B4FB36C0C}.Release|Any CPU.Build.0 = Release|Any CPU
		{FD16374A-DFD9-43BE-BBB3-C0E99D6102E7}.Debug|Any CPU.ActiveCfg = Debug|Any CPU
		{FD16374A-DFD9-43BE-BBB3-C0E99D6102E7}.Debug|Any CPU.Build.0 = Debug|Any CPU
		{FD16374A-DFD9-43BE-BBB3-C0E99D6102E7}.Release|Any CPU.ActiveCfg = Release|Any CPU
		{FD16374A-DFD9-43BE-BBB3-C0E99D6102E7}.Release|Any CPU.Build.0 = Release|Any CPU
		{23402C1B-B4FD-4B83-92A6-AD0231FD3903}.Debug|Any CPU.ActiveCfg = Debug|Any CPU
		{23402C1B-B4FD-4B83-92A6-AD0231FD3903}.Debug|Any CPU.Build.0 = Debug|Any CPU
		{23402C1B-B4FD-4B83-92A6-AD0231FD3903}.Release|Any CPU.ActiveCfg = Release|Any CPU
		{23402C1B-B4FD-4B83-92A6-AD0231FD3903}.Release|Any CPU.Build.0 = Release|Any CPU
		{D9CFAA51-F1AF-4F5E-BF13-C811CCDFBD0A}.Debug|Any CPU.ActiveCfg = Debug|Any CPU
		{D9CFAA51-F1AF-4F5E-BF13-C811CCDFBD0A}.Debug|Any CPU.Build.0 = Debug|Any CPU
		{D9CFAA51-F1AF-4F5E-BF13-C811CCDFBD0A}.Release|Any CPU.ActiveCfg = Release|Any CPU
		{D9CFAA51-F1AF-4F5E-BF13-C811CCDFBD0A}.Release|Any CPU.Build.0 = Release|Any CPU
		{95EB1972-E52A-47BA-A14C-40FDD0C704D2}.Debug|Any CPU.ActiveCfg = Debug|Any CPU
		{95EB1972-E52A-47BA-A14C-40FDD0C704D2}.Debug|Any CPU.Build.0 = Debug|Any CPU
		{95EB1972-E52A-47BA-A14C-40FDD0C704D2}.Release|Any CPU.ActiveCfg = Release|Any CPU
		{95EB1972-E52A-47BA-A14C-40FDD0C704D2}.Release|Any CPU.Build.0 = Release|Any CPU
		{8547E244-5B72-4964-A569-2503B25AAEC6}.Debug|Any CPU.ActiveCfg = Debug|Any CPU
		{8547E244-5B72-4964-A569-2503B25AAEC6}.Debug|Any CPU.Build.0 = Debug|Any CPU
		{8547E244-5B72-4964-A569-2503B25AAEC6}.Release|Any CPU.ActiveCfg = Release|Any CPU
		{8547E244-5B72-4964-A569-2503B25AAEC6}.Release|Any CPU.Build.0 = Release|Any CPU
	EndGlobalSection
	GlobalSection(NestedProjects) = preSolution
		{70AC7EF6-9D7A-40D7-8B45-4F454AC8BA6A} = {215CA5B2-801E-4E70-9E00-E89A1BEDC906}
		{5091AB0F-4678-4790-A1BF-137B4FB36C0C} = {C31EB1D2-A8B8-4E84-BE03-CCB743A99386}
		{FD16374A-DFD9-43BE-BBB3-C0E99D6102E7} = {AEA418DB-B4B4-4238-8702-89A72EBCD2F6}
		{09E7E7C1-0FF0-4325-8470-0BF844928240} = {867CC268-1204-473E-9E14-D645CE24597E}
		{23402C1B-B4FD-4B83-92A6-AD0231FD3903} = {09E7E7C1-0FF0-4325-8470-0BF844928240}
		{D9CFAA51-F1AF-4F5E-BF13-C811CCDFBD0A} = {867CC268-1204-473E-9E14-D645CE24597E}
		{B4DF60BD-E014-4E2A-B69E-6EE613E9D5DF} = {867CC268-1204-473E-9E14-D645CE24597E}
		{95EB1972-E52A-47BA-A14C-40FDD0C704D2} = {09E7E7C1-0FF0-4325-8470-0BF844928240}
		{8547E244-5B72-4964-A569-2503B25AAEC6} = {09E7E7C1-0FF0-4325-8470-0BF844928240}
	EndGlobalSection
EndGlobal
